
Microsoft Visual Studio Solution File, Format Version 11.00
# Visual C# Express 2010
Project("{FAE04EC0-301F-11D3-BF4B-00C04F79EFBC}") = "Ants", "Ants.csproj", "{5AC56B78-6485-4C9C-899C-359B4B98058E}"
EndProject
Global
	GlobalSection(SolutionConfigurationPlatforms) = preSolution
		Debug|x86 = Debug|x86
		Release|x86 = Release|x86
	EndGlobalSection
	GlobalSection(ProjectConfigurationPlatforms) = postSolution
		{5AC56B78-6485-4C9C-899C-359B4B98058E}.Debug|x86.ActiveCfg = Debug|x86
		{5AC56B78-6485-4C9C-899C-359B4B98058E}.Debug|x86.Build.0 = Debug|x86
		{5AC56B78-6485-4C9C-899C-359B4B98058E}.Release|x86.ActiveCfg = Release|x86
		{5AC56B78-6485-4C9C-899C-359B4B98058E}.Release|x86.Build.0 = Release|x86
	EndGlobalSection
	GlobalSection(SolutionProperties) = preSolution
		HideSolutionNode = FALSE
	EndGlobalSection
EndGlobal
