
Microsoft Visual Studio Solution File, Format Version 11.00
# Visual C# Express 2010
Project("{FAE04EC0-301F-11D3-BF4B-00C04F79EFBC}") = "Xbox360Game1", "Xbox360Game1.csproj", "{3F34F551-3D26-4347-B9D0-1869FB66CB09}"
EndProject
Global
	GlobalSection(SolutionConfigurationPlatforms) = preSolution
		Debug|Xbox 360 = Debug|Xbox 360
		Release|Xbox 360 = Release|Xbox 360
	EndGlobalSection
	GlobalSection(ProjectConfigurationPlatforms) = postSolution
		{3F34F551-3D26-4347-B9D0-1869FB66CB09}.Debug|Xbox 360.ActiveCfg = Debug|Xbox 360
		{3F34F551-3D26-4347-B9D0-1869FB66CB09}.Debug|Xbox 360.Build.0 = Debug|Xbox 360
		{3F34F551-3D26-4347-B9D0-1869FB66CB09}.Debug|Xbox 360.Deploy.0 = Debug|Xbox 360
		{3F34F551-3D26-4347-B9D0-1869FB66CB09}.Release|Xbox 360.ActiveCfg = Release|Xbox 360
		{3F34F551-3D26-4347-B9D0-1869FB66CB09}.Release|Xbox 360.Build.0 = Release|Xbox 360
		{3F34F551-3D26-4347-B9D0-1869FB66CB09}.Release|Xbox 360.Deploy.0 = Release|Xbox 360
	EndGlobalSection
	GlobalSection(SolutionProperties) = preSolution
		HideSolutionNode = FALSE
	EndGlobalSection
EndGlobal
